
Microsoft Visual Studio Solution File, Format Version 12.00
# Visual Studio 15
VisualStudioVersion = 15.0.28307.106
MinimumVisualStudioVersion = 10.0.40219.1
Project("{9A19103F-16F7-4668-BE54-9A1E7A4F7556}") = "ExoGuardian", "ExoGuardian.csproj", "{898B7082-F0B5-4668-91E2-F71EA16DA860}"
EndProject
Project("{9A19103F-16F7-4668-BE54-9A1E7A4F7556}") = "Ethos", "..\Ethos\Ethos.csproj", "{89D4DACB-FBF4-4075-9504-8409507F8A74}"
EndProject
Project("{FAE04EC0-301F-11D3-BF4B-00C04F79EFBC}") = "apiDemo", "..\apiDemo\apiDemo.csproj", "{8FD61C1A-CE7D-4E65-8CAE-C4FD6E5B01D0}"
EndProject
Global
	GlobalSection(SolutionConfigurationPlatforms) = preSolution
		Debug|Any CPU = Debug|Any CPU
		Release|Any CPU = Release|Any CPU
	EndGlobalSection
	GlobalSection(ProjectConfigurationPlatforms) = postSolution
		{898B7082-F0B5-4668-91E2-F71EA16DA860}.Debug|Any CPU.ActiveCfg = Debug|Any CPU
		{898B7082-F0B5-4668-91E2-F71EA16DA860}.Debug|Any CPU.Build.0 = Debug|Any CPU
		{898B7082-F0B5-4668-91E2-F71EA16DA860}.Release|Any CPU.ActiveCfg = Release|Any CPU
		{898B7082-F0B5-4668-91E2-F71EA16DA860}.Release|Any CPU.Build.0 = Release|Any CPU
		{89D4DACB-FBF4-4075-9504-8409507F8A74}.Debug|Any CPU.ActiveCfg = Debug|Any CPU
		{89D4DACB-FBF4-4075-9504-8409507F8A74}.Debug|Any CPU.Build.0 = Debug|Any CPU
		{89D4DACB-FBF4-4075-9504-8409507F8A74}.Release|Any CPU.ActiveCfg = Release|Any CPU
		{89D4DACB-FBF4-4075-9504-8409507F8A74}.Release|Any CPU.Build.0 = Release|Any CPU
		{8FD61C1A-CE7D-4E65-8CAE-C4FD6E5B01D0}.Debug|Any CPU.ActiveCfg = Debug|Any CPU
		{8FD61C1A-CE7D-4E65-8CAE-C4FD6E5B01D0}.Debug|Any CPU.Build.0 = Debug|Any CPU
		{8FD61C1A-CE7D-4E65-8CAE-C4FD6E5B01D0}.Release|Any CPU.ActiveCfg = Release|Any CPU
		{8FD61C1A-CE7D-4E65-8CAE-C4FD6E5B01D0}.Release|Any CPU.Build.0 = Release|Any CPU
	EndGlobalSection
	GlobalSection(SolutionProperties) = preSolution
		HideSolutionNode = FALSE
	EndGlobalSection
	GlobalSection(ExtensibilityGlobals) = postSolution
		SolutionGuid = {8E1EBBFF-27AA-416F-9997-5AD0B4F093CF}
	EndGlobalSection
EndGlobal
